// !$*UTF8*$!
{
	archiveVersion = 1;
	classes = {
	};
	objectVersion = 50;
	objects = {

/* Begin PBXBuildFile section */
		C203CEA3247E3E0F0090D298 /* UINavigationController+FDFullscreenPopGesture.m in Sources */ = {isa = PBXBuildFile; fileRef = C203CEA2247E3E0F0090D298 /* UINavigationController+FDFullscreenPopGesture.m */; };
		C23DEC3C24767F0700225AEF /* AppDelegate.m in Sources */ = {isa = PBXBuildFile; fileRef = C23DEC3B24767F0700225AEF /* AppDelegate.m */; };
		C23DEC4224767F0700225AEF /* ViewController.m in Sources */ = {isa = PBXBuildFile; fileRef = C23DEC4124767F0700225AEF /* ViewController.m */; };
		C23DEC4524767F0700225AEF /* Main.storyboard in Resources */ = {isa = PBXBuildFile; fileRef = C23DEC4324767F0700225AEF /* Main.storyboard */; };
		C23DEC4724767F0A00225AEF /* Assets.xcassets in Resources */ = {isa = PBXBuildFile; fileRef = C23DEC4624767F0A00225AEF /* Assets.xcassets */; };
		C23DEC4A24767F0A00225AEF /* LaunchScreen.storyboard in Resources */ = {isa = PBXBuildFile; fileRef = C23DEC4824767F0A00225AEF /* LaunchScreen.storyboard */; };
		C23DEC4D24767F0A00225AEF /* main.m in Sources */ = {isa = PBXBuildFile; fileRef = C23DEC4C24767F0A00225AEF /* main.m */; };
		C2C29748247768F0007FD089 /* XLNavigationBar.m in Sources */ = {isa = PBXBuildFile; fileRef = C2C29747247768F0007FD089 /* XLNavigationBar.m */; };
		C2C2974E24776E98007FD089 /* WeiBoExampleVC.m in Sources */ = {isa = PBXBuildFile; fileRef = C2C2974D24776E98007FD089 /* WeiBoExampleVC.m */; };
		C2C2975124776EA3007FD089 /* DouyinExampleVC.m in Sources */ = {isa = PBXBuildFile; fileRef = C2C2975024776EA3007FD089 /* DouyinExampleVC.m */; };
		C2C2975824776EC4007FD089 /* XLZoomHeader.m in Sources */ = {isa = PBXBuildFile; fileRef = C2C2975624776EC4007FD089 /* XLZoomHeader.m */; };
		C2C2975F24776FC4007FD089 /* WeiBoHeader.m in Sources */ = {isa = PBXBuildFile; fileRef = C2C2975E24776FC4007FD089 /* WeiBoHeader.m */; };
		C2C2976224776FD0007FD089 /* DouyinHeader.m in Sources */ = {isa = PBXBuildFile; fileRef = C2C2976124776FD0007FD089 /* DouyinHeader.m */; };
		C2C29790247BE78E007FD089 /* ViewController2.m in Sources */ = {isa = PBXBuildFile; fileRef = C2C2978F247BE78E007FD089 /* ViewController2.m */; };
/* End PBXBuildFile section */

/* Begin PBXFileReference section */
		C203CEA1247E3E0F0090D298 /* UINavigationController+FDFullscreenPopGesture.h */ = {isa = PBXFileReference; fileEncoding = 4; lastKnownFileType = sourcecode.c.h; path = "UINavigationController+FDFullscreenPopGesture.h"; sourceTree = "<group>"; };
		C203CEA2247E3E0F0090D298 /* UINavigationController+FDFullscreenPopGesture.m */ = {isa = PBXFileReference; fileEncoding = 4; lastKnownFileType = sourcecode.c.objc; path = "UINavigationController+FDFullscreenPopGesture.m"; sourceTree = "<group>"; };
		C23DEC3724767F0700225AEF /* XLNavigationBar.app */ = {isa = PBXFileReference; explicitFileType = wrapper.application; includeInIndex = 0; path = XLNavigationBar.app; sourceTree = BUILT_PRODUCTS_DIR; };
		C23DEC3A24767F0700225AEF /* AppDelegate.h */ = {isa = PBXFileReference; lastKnownFileType = sourcecode.c.h; path = AppDelegate.h; sourceTree = "<group>"; };
		C23DEC3B24767F0700225AEF /* AppDelegate.m */ = {isa = PBXFileReference; lastKnownFileType = sourcecode.c.objc; path = AppDelegate.m; sourceTree = "<group>"; };
		C23DEC4024767F0700225AEF /* ViewController.h */ = {isa = PBXFileReference; lastKnownFileType = sourcecode.c.h; path = ViewController.h; sourceTree = "<group>"; };
		C23DEC4124767F0700225AEF /* ViewController.m */ = {isa = PBXFileReference; lastKnownFileType = sourcecode.c.objc; path = ViewController.m; sourceTree = "<group>"; };
		C23DEC4424767F0700225AEF /* Base */ = {isa = PBXFileReference; lastKnownFileType = file.storyboard; name = Base; path = Base.lproj/Main.storyboard; sourceTree = "<group>"; };
		C23DEC4624767F0A00225AEF /* Assets.xcassets */ = {isa = PBXFileReference; lastKnownFileType = folder.assetcatalog; path = Assets.xcassets; sourceTree = "<group>"; };
		C23DEC4924767F0A00225AEF /* Base */ = {isa = PBXFileReference; lastKnownFileType = file.storyboard; name = Base; path = Base.lproj/LaunchScreen.storyboard; sourceTree = "<group>"; };
		C23DEC4B24767F0A00225AEF /* Info.plist */ = {isa = PBXFileReference; lastKnownFileType = text.plist.xml; path = Info.plist; sourceTree = "<group>"; };
		C23DEC4C24767F0A00225AEF /* main.m */ = {isa = PBXFileReference; lastKnownFileType = sourcecode.c.objc; path = main.m; sourceTree = "<group>"; };
		C2C29746247768F0007FD089 /* XLNavigationBar.h */ = {isa = PBXFileReference; fileEncoding = 4; lastKnownFileType = sourcecode.c.h; path = XLNavigationBar.h; sourceTree = "<group>"; };
		C2C29747247768F0007FD089 /* XLNavigationBar.m */ = {isa = PBXFileReference; fileEncoding = 4; lastKnownFileType = sourcecode.c.objc; path = XLNavigationBar.m; sourceTree = "<group>"; };
		C2C2974C24776E98007FD089 /* WeiBoExampleVC.h */ = {isa = PBXFileReference; lastKnownFileType = sourcecode.c.h; path = WeiBoExampleVC.h; sourceTree = "<group>"; };
		C2C2974D24776E98007FD089 /* WeiBoExampleVC.m */ = {isa = PBXFileReference; lastKnownFileType = sourcecode.c.objc; path = WeiBoExampleVC.m; sourceTree = "<group>"; };
		C2C2974F24776EA3007FD089 /* DouyinExampleVC.h */ = {isa = PBXFileReference; lastKnownFileType = sourcecode.c.h; path = DouyinExampleVC.h; sourceTree = "<group>"; };
		C2C2975024776EA3007FD089 /* DouyinExampleVC.m */ = {isa = PBXFileReference; lastKnownFileType = sourcecode.c.objc; path = DouyinExampleVC.m; sourceTree = "<group>"; };
		C2C2975324776EC4007FD089 /* XLZoomHeader.h */ = {isa = PBXFileReference; fileEncoding = 4; lastKnownFileType = sourcecode.c.h; path = XLZoomHeader.h; sourceTree = "<group>"; };
		C2C2975624776EC4007FD089 /* XLZoomHeader.m */ = {isa = PBXFileReference; fileEncoding = 4; lastKnownFileType = sourcecode.c.objc; path = XLZoomHeader.m; sourceTree = "<group>"; };
		C2C2975D24776FC4007FD089 /* WeiBoHeader.h */ = {isa = PBXFileReference; lastKnownFileType = sourcecode.c.h; path = WeiBoHeader.h; sourceTree = "<group>"; };
		C2C2975E24776FC4007FD089 /* WeiBoHeader.m */ = {isa = PBXFileReference; lastKnownFileType = sourcecode.c.objc; path = WeiBoHeader.m; sourceTree = "<group>"; };
		C2C2976024776FD0007FD089 /* DouyinHeader.h */ = {isa = PBXFileReference; lastKnownFileType = sourcecode.c.h; path = DouyinHeader.h; sourceTree = "<group>"; };
		C2C2976124776FD0007FD089 /* DouyinHeader.m */ = {isa = PBXFileReference; lastKnownFileType = sourcecode.c.objc; path = DouyinHeader.m; sourceTree = "<group>"; };
		C2C2978E247BE78E007FD089 /* ViewController2.h */ = {isa = PBXFileReference; lastKnownFileType = sourcecode.c.h; path = ViewController2.h; sourceTree = "<group>"; };
		C2C2978F247BE78E007FD089 /* ViewController2.m */ = {isa = PBXFileReference; lastKnownFileType = sourcecode.c.objc; path = ViewController2.m; sourceTree = "<group>"; };
/* End PBXFileReference section */

/* Begin PBXFrameworksBuildPhase section */
		C23DEC3424767F0700225AEF /* Frameworks */ = {
			isa = PBXFrameworksBuildPhase;
			buildActionMask = 2147483647;
			files = (
			);
			runOnlyForDeploymentPostprocessing = 0;
		};
/* End PBXFrameworksBuildPhase section */

/* Begin PBXGroup section */
		C203CEA0247E3E0F0090D298 /* FDFullscreenPopGesture */ = {
			isa = PBXGroup;
			children = (
				C203CEA1247E3E0F0090D298 /* UINavigationController+FDFullscreenPopGesture.h */,
				C203CEA2247E3E0F0090D298 /* UINavigationController+FDFullscreenPopGesture.m */,
			);
			path = FDFullscreenPopGesture;
			sourceTree = "<group>";
		};
		C23DEC2E24767F0700225AEF = {
			isa = PBXGroup;
			children = (
				C203CEA0247E3E0F0090D298 /* FDFullscreenPopGesture */,
				C2C2975224776EC4007FD089 /* XLZoomHeader */,
				C2C29745247768F0007FD089 /* XLNavigationBar */,
				C23DEC3924767F0700225AEF /* Example */,
				C23DEC3824767F0700225AEF /* Products */,
			);
			sourceTree = "<group>";
		};
		C23DEC3824767F0700225AEF /* Products */ = {
			isa = PBXGroup;
			children = (
				C23DEC3724767F0700225AEF /* XLNavigationBar.app */,
			);
			name = Products;
			sourceTree = "<group>";
		};
		C23DEC3924767F0700225AEF /* Example */ = {
			isa = PBXGroup;
			children = (
				C2C2974B24776E7D007FD089 /* WeiBo */,
				C2C2974A24776E77007FD089 /* DouYin */,
				C23DEC5724767FB700225AEF /* Supporting Files */,
			);
			path = Example;
			sourceTree = "<group>";
		};
		C23DEC5724767FB700225AEF /* Supporting Files */ = {
			isa = PBXGroup;
			children = (
				C23DEC3A24767F0700225AEF /* AppDelegate.h */,
				C23DEC3B24767F0700225AEF /* AppDelegate.m */,
				C23DEC4024767F0700225AEF /* ViewController.h */,
				C23DEC4124767F0700225AEF /* ViewController.m */,
				C2C2978E247BE78E007FD089 /* ViewController2.h */,
				C2C2978F247BE78E007FD089 /* ViewController2.m */,
				C23DEC4324767F0700225AEF /* Main.storyboard */,
				C23DEC4624767F0A00225AEF /* Assets.xcassets */,
				C23DEC4824767F0A00225AEF /* LaunchScreen.storyboard */,
				C23DEC4B24767F0A00225AEF /* Info.plist */,
				C23DEC4C24767F0A00225AEF /* main.m */,
			);
			name = "Supporting Files";
			sourceTree = "<group>";
		};
		C2C29745247768F0007FD089 /* XLNavigationBar */ = {
			isa = PBXGroup;
			children = (
				C2C29746247768F0007FD089 /* XLNavigationBar.h */,
				C2C29747247768F0007FD089 /* XLNavigationBar.m */,
			);
			name = XLNavigationBar;
			path = ../XLNavigationBar;
			sourceTree = "<group>";
		};
		C2C2974A24776E77007FD089 /* DouYin */ = {
			isa = PBXGroup;
			children = (
				C2C2975C24776F98007FD089 /* C */,
				C2C2975B24776F94007FD089 /* V */,
			);
			path = DouYin;
			sourceTree = "<group>";
		};
		C2C2974B24776E7D007FD089 /* WeiBo */ = {
			isa = PBXGroup;
			children = (
				C2C2975A24776F91007FD089 /* V */,
				C2C2975924776F8C007FD089 /* C */,
			);
			path = WeiBo;
			sourceTree = "<group>";
		};
		C2C2975224776EC4007FD089 /* XLZoomHeader */ = {
			isa = PBXGroup;
			children = (
				C2C2975324776EC4007FD089 /* XLZoomHeader.h */,
				C2C2975624776EC4007FD089 /* XLZoomHeader.m */,
			);
			path = XLZoomHeader;
			sourceTree = "<group>";
		};
		C2C2975924776F8C007FD089 /* C */ = {
			isa = PBXGroup;
			children = (
				C2C2974C24776E98007FD089 /* WeiBoExampleVC.h */,
				C2C2974D24776E98007FD089 /* WeiBoExampleVC.m */,
			);
			path = C;
			sourceTree = "<group>";
		};
		C2C2975A24776F91007FD089 /* V */ = {
			isa = PBXGroup;
			children = (
				C2C2975D24776FC4007FD089 /* WeiBoHeader.h */,
				C2C2975E24776FC4007FD089 /* WeiBoHeader.m */,
			);
			path = V;
			sourceTree = "<group>";
		};
		C2C2975B24776F94007FD089 /* V */ = {
			isa = PBXGroup;
			children = (
				C2C2976024776FD0007FD089 /* DouyinHeader.h */,
				C2C2976124776FD0007FD089 /* DouyinHeader.m */,
			);
			path = V;
			sourceTree = "<group>";
		};
		C2C2975C24776F98007FD089 /* C */ = {
			isa = PBXGroup;
			children = (
				C2C2974F24776EA3007FD089 /* DouyinExampleVC.h */,
				C2C2975024776EA3007FD089 /* DouyinExampleVC.m */,
			);
			path = C;
			sourceTree = "<group>";
		};
/* End PBXGroup section */

/* Begin PBXNativeTarget section */
		C23DEC3624767F0700225AEF /* Example */ = {
			isa = PBXNativeTarget;
			buildConfigurationList = C23DEC5024767F0A00225AEF /* Build configuration list for PBXNativeTarget "Example" */;
			buildPhases = (
				C23DEC3324767F0700225AEF /* Sources */,
				C23DEC3424767F0700225AEF /* Frameworks */,
				C23DEC3524767F0700225AEF /* Resources */,
			);
			buildRules = (
			);
			dependencies = (
			);
			name = Example;
			productName = Example;
			productReference = C23DEC3724767F0700225AEF /* XLNavigationBar.app */;
			productType = "com.apple.product-type.application";
		};
/* End PBXNativeTarget section */

/* Begin PBXProject section */
		C23DEC2F24767F0700225AEF /* Project object */ = {
			isa = PBXProject;
			attributes = {
				LastUpgradeCheck = 1140;
				ORGANIZATIONNAME = mxl;
				TargetAttributes = {
					C23DEC3624767F0700225AEF = {
						CreatedOnToolsVersion = 11.4.1;
					};
				};
			};
			buildConfigurationList = C23DEC3224767F0700225AEF /* Build configuration list for PBXProject "Example" */;
			compatibilityVersion = "Xcode 9.3";
			developmentRegion = en;
			hasScannedForEncodings = 0;
			knownRegions = (
				en,
				Base,
			);
			mainGroup = C23DEC2E24767F0700225AEF;
			productRefGroup = C23DEC3824767F0700225AEF /* Products */;
			projectDirPath = "";
			projectRoot = "";
			targets = (
				C23DEC3624767F0700225AEF /* Example */,
			);
		};
/* End PBXProject section */

/* Begin PBXResourcesBuildPhase section */
		C23DEC3524767F0700225AEF /* Resources */ = {
			isa = PBXResourcesBuildPhase;
			buildActionMask = 2147483647;
			files = (
				C23DEC4A24767F0A00225AEF /* LaunchScreen.storyboard in Resources */,
				C23DEC4724767F0A00225AEF /* Assets.xcassets in Resources */,
				C23DEC4524767F0700225AEF /* Main.storyboard in Resources */,
			);
			runOnlyForDeploymentPostprocessing = 0;
		};
/* End PBXResourcesBuildPhase section */

/* Begin PBXSourcesBuildPhase section */
		C23DEC3324767F0700225AEF /* Sources */ = {
			isa = PBXSourcesBuildPhase;
			buildActionMask = 2147483647;
			files = (
				C23DEC4224767F0700225AEF /* ViewController.m in Sources */,
				C23DEC3C24767F0700225AEF /* AppDelegate.m in Sources */,
				C2C2976224776FD0007FD089 /* DouyinHeader.m in Sources */,
				C203CEA3247E3E0F0090D298 /* UINavigationController+FDFullscreenPopGesture.m in Sources */,
				C23DEC4D24767F0A00225AEF /* main.m in Sources */,
				C2C29748247768F0007FD089 /* XLNavigationBar.m in Sources */,
				C2C2974E24776E98007FD089 /* WeiBoExampleVC.m in Sources */,
				C2C2975824776EC4007FD089 /* XLZoomHeader.m in Sources */,
				C2C29790247BE78E007FD089 /* ViewController2.m in Sources */,
				C2C2975124776EA3007FD089 /* DouyinExampleVC.m in Sources */,
				C2C2975F24776FC4007FD089 /* WeiBoHeader.m in Sources */,
			);
			runOnlyForDeploymentPostprocessing = 0;
		};
/* End PBXSourcesBuildPhase section */

/* Begin PBXVariantGroup section */
		C23DEC4324767F0700225AEF /* Main.storyboard */ = {
			isa = PBXVariantGroup;
			children = (
				C23DEC4424767F0700225AEF /* Base */,
			);
			name = Main.storyboard;
			sourceTree = "<group>";
		};
		C23DEC4824767F0A00225AEF /* LaunchScreen.storyboard */ = {
			isa = PBXVariantGroup;
			children = (
				C23DEC4924767F0A00225AEF /* Base */,
			);
			name = LaunchScreen.storyboard;
			sourceTree = "<group>";
		};
/* End PBXVariantGroup section */

/* Begin XCBuildConfiguration section */
		C23DEC4E24767F0A00225AEF /* Debug */ = {
			isa = XCBuildConfiguration;
			buildSettings = {
				ALWAYS_SEARCH_USER_PATHS = NO;
				CLANG_ANALYZER_NONNULL = YES;
				CLANG_ANALYZER_NUMBER_OBJECT_CONVERSION = YES_AGGRESSIVE;
				CLANG_CXX_LANGUAGE_STANDARD = "gnu++14";
				CLANG_CXX_LIBRARY = "libc++";
				CLANG_ENABLE_MODULES = YES;
				CLANG_ENABLE_OBJC_ARC = YES;
				CLANG_ENABLE_OBJC_WEAK = YES;
				CLANG_WARN_BLOCK_CAPTURE_AUTORELEASING = YES;
				CLANG_WARN_BOOL_CONVERSION = YES;
				CLANG_WARN_COMMA = YES;
				CLANG_WARN_CONSTANT_CONVERSION = YES;
				CLANG_WARN_DEPRECATED_OBJC_IMPLEMENTATIONS = YES;
				CLANG_WARN_DIRECT_OBJC_ISA_USAGE = YES_ERROR;
				CLANG_WARN_DOCUMENTATION_COMMENTS = YES;
				CLANG_WARN_EMPTY_BODY = YES;
				CLANG_WARN_ENUM_CONVERSION = YES;
				CLANG_WARN_INFINITE_RECURSION = YES;
				CLANG_WARN_INT_CONVERSION = YES;
				CLANG_WARN_NON_LITERAL_NULL_CONVERSION = YES;
				CLANG_WARN_OBJC_IMPLICIT_RETAIN_SELF = YES;
				CLANG_WARN_OBJC_LITERAL_CONVERSION = YES;
				CLANG_WARN_OBJC_ROOT_CLASS = YES_ERROR;
				CLANG_WARN_RANGE_LOOP_ANALYSIS = YES;
				CLANG_WARN_STRICT_PROTOTYPES = YES;
				CLANG_WARN_SUSPICIOUS_MOVE = YES;
				CLANG_WARN_UNGUARDED_AVAILABILITY = YES_AGGRESSIVE;
				CLANG_WARN_UNREACHABLE_CODE = YES;
				CLANG_WARN__DUPLICATE_METHOD_MATCH = YES;
				COPY_PHASE_STRIP = NO;
				DEBUG_INFORMATION_FORMAT = dwarf;
				ENABLE_STRICT_OBJC_MSGSEND = YES;
				ENABLE_TESTABILITY = YES;
				GCC_C_LANGUAGE_STANDARD = gnu11;
				GCC_DYNAMIC_NO_PIC = NO;
				GCC_NO_COMMON_BLOCKS = YES;
				GCC_OPTIMIZATION_LEVEL = 0;
				GCC_PREPROCESSOR_DEFINITIONS = (
					"DEBUG=1",
					"$(inherited)",
				);
				GCC_WARN_64_TO_32_BIT_CONVERSION = YES;
				GCC_WARN_ABOUT_RETURN_TYPE = YES_ERROR;
				GCC_WARN_UNDECLARED_SELECTOR = YES;
				GCC_WARN_UNINITIALIZED_AUTOS = YES_AGGRESSIVE;
				GCC_WARN_UNUSED_FUNCTION = YES;
				GCC_WARN_UNUSED_VARIABLE = YES;
				IPHONEOS_DEPLOYMENT_TARGET = 13.4;
				MTL_ENABLE_DEBUG_INFO = INCLUDE_SOURCE;
				MTL_FAST_MATH = YES;
				ONLY_ACTIVE_ARCH = YES;
				SDKROOT = iphoneos;
			};
			name = Debug;
		};
		C23DEC4F24767F0A00225AEF /* Release */ = {
			isa = XCBuildConfiguration;
			buildSettings = {
				ALWAYS_SEARCH_USER_PATHS = NO;
				CLANG_ANALYZER_NONNULL = YES;
				CLANG_ANALYZER_NUMBER_OBJECT_CONVERSION = YES_AGGRESSIVE;
				CLANG_CXX_LANGUAGE_STANDARD = "gnu++14";
				CLANG_CXX_LIBRARY = "libc++";
				CLANG_ENABLE_MODULES = YES;
				CLANG_ENABLE_OBJC_ARC = YES;
				CLANG_ENABLE_OBJC_WEAK = YES;
				CLANG_WARN_BLOCK_CAPTURE_AUTORELEASING = YES;
				CLANG_WARN_BOOL_CONVERSION = YES;
				CLANG_WARN_COMMA = YES;
				CLANG_WARN_CONSTANT_CONVERSION = YES;
				CLANG_WARN_DEPRECATED_OBJC_IMPLEMENTATIONS = YES;
				CLANG_WARN_DIRECT_OBJC_ISA_USAGE = YES_ERROR;
				CLANG_WARN_DOCUMENTATION_COMMENTS = YES;
				CLANG_WARN_EMPTY_BODY = YES;
				CLANG_WARN_ENUM_CONVERSION = YES;
				CLANG_WARN_INFINITE_RECURSION = YES;
				CLANG_WARN_INT_CONVERSION = YES;
				CLANG_WARN_NON_LITERAL_NULL_CONVERSION = YES;
				CLANG_WARN_OBJC_IMPLICIT_RETAIN_SELF = YES;
				CLANG_WARN_OBJC_LITERAL_CONVERSION = YES;
				CLANG_WARN_OBJC_ROOT_CLASS = YES_ERROR;
				CLANG_WARN_RANGE_LOOP_ANALYSIS = YES;
				CLANG_WARN_STRICT_PROTOTYPES = YES;
				CLANG_WARN_SUSPICIOUS_MOVE = YES;
				CLANG_WARN_UNGUARDED_AVAILABILITY = YES_AGGRESSIVE;
				CLANG_WARN_UNREACHABLE_CODE = YES;
				CLANG_WARN__DUPLICATE_METHOD_MATCH = YES;
				COPY_PHASE_STRIP = NO;
				DEBUG_INFORMATION_FORMAT = "dwarf-with-dsym";
				ENABLE_NS_ASSERTIONS = NO;
				ENABLE_STRICT_OBJC_MSGSEND = YES;
				GCC_C_LANGUAGE_STANDARD = gnu11;
				GCC_NO_COMMON_BLOCKS = YES;
				GCC_WARN_64_TO_32_BIT_CONVERSION = YES;
				GCC_WARN_ABOUT_RETURN_TYPE = YES_ERROR;
				GCC_WARN_UNDECLARED_SELECTOR = YES;
				GCC_WARN_UNINITIALIZED_AUTOS = YES_AGGRESSIVE;
				GCC_WARN_UNUSED_FUNCTION = YES;
				GCC_WARN_UNUSED_VARIABLE = YES;
				IPHONEOS_DEPLOYMENT_TARGET = 13.4;
				MTL_ENABLE_DEBUG_INFO = NO;
				MTL_FAST_MATH = YES;
				SDKROOT = iphoneos;
				VALIDATE_PRODUCT = YES;
			};
			name = Release;
		};
		C23DEC5124767F0A00225AEF /* Debug */ = {
			isa = XCBuildConfiguration;
			buildSettings = {
				ASSETCATALOG_COMPILER_APPICON_NAME = AppIcon;
				CODE_SIGN_STYLE = Automatic;
				DEVELOPMENT_TEAM = X496RVQDTB;
				INFOPLIST_FILE = Example/Info.plist;
				IPHONEOS_DEPLOYMENT_TARGET = 10.0;
				LD_RUNPATH_SEARCH_PATHS = (
					"$(inherited)",
					"@executable_path/Frameworks",
				);
				PRODUCT_BUNDLE_IDENTIFIER = mxl.Example;
				PRODUCT_NAME = XLNavigationBar;
				TARGETED_DEVICE_FAMILY = "1,2";
			};
			name = Debug;
		};
		C23DEC5224767F0A00225AEF /* Release */ = {
			isa = XCBuildConfiguration;
			buildSettings = {
				ASSETCATALOG_COMPILER_APPICON_NAME = AppIcon;
				CODE_SIGN_STYLE = Automatic;
				DEVELOPMENT_TEAM = X496RVQDTB;
				INFOPLIST_FILE = Example/Info.plist;
				IPHONEOS_DEPLOYMENT_TARGET = 10.0;
				LD_RUNPATH_SEARCH_PATHS = (
					"$(inherited)",
					"@executable_path/Frameworks",
				);
				PRODUCT_BUNDLE_IDENTIFIER = mxl.Example;
				PRODUCT_NAME = XLNavigationBar;
				TARGETED_DEVICE_FAMILY = "1,2";
			};
			name = Release;
		};
/* End XCBuildConfiguration section */

/* Begin XCConfigurationList section */
		C23DEC3224767F0700225AEF /* Build configuration list for PBXProject "Example" */ = {
			isa = XCConfigurationList;
			buildConfigurations = (
				C23DEC4E24767F0A00225AEF /* Debug */,
				C23DEC4F24767F0A00225AEF /* Release */,
			);
			defaultConfigurationIsVisible = 0;
			defaultConfigurationName = Release;
		};
		C23DEC5024767F0A00225AEF /* Build configuration list for PBXNativeTarget "Example" */ = {
			isa = XCConfigurationList;
			buildConfigurations = (
				C23DEC5124767F0A00225AEF /* Debug */,
				C23DEC5224767F0A00225AEF /* Release */,
			);
			defaultConfigurationIsVisible = 0;
			defaultConfigurationName = Release;
		};
/* End XCConfigurationList section */
	};
	rootObject = C23DEC2F24767F0700225AEF /* Project object */;
}
